// !$*UTF8*$!
{
	archiveVersion = 1;
	classes = {
	};
	objectVersion = 46;
	objects = {

/* Begin PBXBuildFile section */
		DB1D66D81EFC438900E32D7D /* ItemDetailsVC.swift in Sources */ = {isa = PBXBuildFile; fileRef = DB1D66D71EFC438900E32D7D /* ItemDetailsVC.swift */; };
		DB95E46F1EF47395007CD9FB /* AppDelegate.swift in Sources */ = {isa = PBXBuildFile; fileRef = DB95E46E1EF47395007CD9FB /* AppDelegate.swift */; };
		DB95E4711EF47396007CD9FB /* MainVC.swift in Sources */ = {isa = PBXBuildFile; fileRef = DB95E4701EF47396007CD9FB /* MainVC.swift */; };
		DB95E4741EF47396007CD9FB /* Main.storyboard in Resources */ = {isa = PBXBuildFile; fileRef = DB95E4721EF47396007CD9FB /* Main.storyboard */; };
		DB95E4771EF47396007CD9FB /* Dreamlist.xcdatamodeld in Sources */ = {isa = PBXBuildFile; fileRef = DB95E4751EF47396007CD9FB /* Dreamlist.xcdatamodeld */; };
		DB95E4791EF47396007CD9FB /* Assets.xcassets in Resources */ = {isa = PBXBuildFile; fileRef = DB95E4781EF47396007CD9FB /* Assets.xcassets */; };
		DB95E47C1EF47396007CD9FB /* LaunchScreen.storyboard in Resources */ = {isa = PBXBuildFile; fileRef = DB95E47A1EF47396007CD9FB /* LaunchScreen.storyboard */; };
		DB95E48B1EF478CB007CD9FB /* Store+CoreDataClass.swift in Sources */ = {isa = PBXBuildFile; fileRef = DB95E4831EF478CB007CD9FB /* Store+CoreDataClass.swift */; };
		DB95E48C1EF478CB007CD9FB /* Store+CoreDataProperties.swift in Sources */ = {isa = PBXBuildFile; fileRef = DB95E4841EF478CB007CD9FB /* Store+CoreDataProperties.swift */; };
		DB95E48D1EF478CB007CD9FB /* ItemType+CoreDataClass.swift in Sources */ = {isa = PBXBuildFile; fileRef = DB95E4851EF478CB007CD9FB /* ItemType+CoreDataClass.swift */; };
		DB95E48E1EF478CB007CD9FB /* ItemType+CoreDataProperties.swift in Sources */ = {isa = PBXBuildFile; fileRef = DB95E4861EF478CB007CD9FB /* ItemType+CoreDataProperties.swift */; };
		DB95E48F1EF478CB007CD9FB /* Item+CoreDataClass.swift in Sources */ = {isa = PBXBuildFile; fileRef = DB95E4871EF478CB007CD9FB /* Item+CoreDataClass.swift */; };
		DB95E4901EF478CB007CD9FB /* Item+CoreDataProperties.swift in Sources */ = {isa = PBXBuildFile; fileRef = DB95E4881EF478CB007CD9FB /* Item+CoreDataProperties.swift */; };
		DB95E4911EF478CB007CD9FB /* Image+CoreDataClass.swift in Sources */ = {isa = PBXBuildFile; fileRef = DB95E4891EF478CB007CD9FB /* Image+CoreDataClass.swift */; };
		DB95E4921EF478CB007CD9FB /* Image+CoreDataProperties.swift in Sources */ = {isa = PBXBuildFile; fileRef = DB95E48A1EF478CB007CD9FB /* Image+CoreDataProperties.swift */; };
		DB95E4991EF48449007CD9FB /* MaterialView.swift in Sources */ = {isa = PBXBuildFile; fileRef = DB95E4981EF48449007CD9FB /* MaterialView.swift */; };
		DB95E49B1EF5A0C5007CD9FB /* Itemcell.swift in Sources */ = {isa = PBXBuildFile; fileRef = DB95E49A1EF5A0C5007CD9FB /* Itemcell.swift */; };
		DB95E4A21EF9AC83007CD9FB /* CustomTextField.swift in Sources */ = {isa = PBXBuildFile; fileRef = DB95E4A11EF9AC83007CD9FB /* CustomTextField.swift */; };
/* End PBXBuildFile section */

/* Begin PBXFileReference section */
		DB1D66D71EFC438900E32D7D /* ItemDetailsVC.swift */ = {isa = PBXFileReference; fileEncoding = 4; lastKnownFileType = sourcecode.swift; path = ItemDetailsVC.swift; sourceTree = "<group>"; };
		DB95E46B1EF47395007CD9FB /* Dreamlist.app */ = {isa = PBXFileReference; explicitFileType = wrapper.application; includeInIndex = 0; path = Dreamlist.app; sourceTree = BUILT_PRODUCTS_DIR; };
		DB95E46E1EF47395007CD9FB /* AppDelegate.swift */ = {isa = PBXFileReference; lastKnownFileType = sourcecode.swift; path = AppDelegate.swift; sourceTree = "<group>"; };
		DB95E4701EF47396007CD9FB /* MainVC.swift */ = {isa = PBXFileReference; lastKnownFileType = sourcecode.swift; path = MainVC.swift; sourceTree = "<group>"; };
		DB95E4731EF47396007CD9FB /* Base */ = {isa = PBXFileReference; lastKnownFileType = file.storyboard; name = Base; path = Base.lproj/Main.storyboard; sourceTree = "<group>"; };
		DB95E4761EF47396007CD9FB /* Dreamlist.xcdatamodel */ = {isa = PBXFileReference; lastKnownFileType = wrapper.xcdatamodel; path = Dreamlist.xcdatamodel; sourceTree = "<group>"; };
		DB95E4781EF47396007CD9FB /* Assets.xcassets */ = {isa = PBXFileReference; lastKnownFileType = folder.assetcatalog; path = Assets.xcassets; sourceTree = "<group>"; };
		DB95E47B1EF47396007CD9FB /* Base */ = {isa = PBXFileReference; lastKnownFileType = file.storyboard; name = Base; path = Base.lproj/LaunchScreen.storyboard; sourceTree = "<group>"; };
		DB95E47D1EF47396007CD9FB /* Info.plist */ = {isa = PBXFileReference; lastKnownFileType = text.plist.xml; path = Info.plist; sourceTree = "<group>"; };
		DB95E4831EF478CB007CD9FB /* Store+CoreDataClass.swift */ = {isa = PBXFileReference; fileEncoding = 4; lastKnownFileType = sourcecode.swift; path = "Store+CoreDataClass.swift"; sourceTree = "<group>"; };
		DB95E4841EF478CB007CD9FB /* Store+CoreDataProperties.swift */ = {isa = PBXFileReference; fileEncoding = 4; lastKnownFileType = sourcecode.swift; path = "Store+CoreDataProperties.swift"; sourceTree = "<group>"; };
		DB95E4851EF478CB007CD9FB /* ItemType+CoreDataClass.swift */ = {isa = PBXFileReference; fileEncoding = 4; lastKnownFileType = sourcecode.swift; path = "ItemType+CoreDataClass.swift"; sourceTree = "<group>"; };
		DB95E4861EF478CB007CD9FB /* ItemType+CoreDataProperties.swift */ = {isa = PBXFileReference; fileEncoding = 4; lastKnownFileType = sourcecode.swift; path = "ItemType+CoreDataProperties.swift"; sourceTree = "<group>"; };
		DB95E4871EF478CB007CD9FB /* Item+CoreDataClass.swift */ = {isa = PBXFileReference; fileEncoding = 4; lastKnownFileType = sourcecode.swift; path = "Item+CoreDataClass.swift"; sourceTree = "<group>"; };
		DB95E4881EF478CB007CD9FB /* Item+CoreDataProperties.swift */ = {isa = PBXFileReference; fileEncoding = 4; lastKnownFileType = sourcecode.swift; path = "Item+CoreDataProperties.swift"; sourceTree = "<group>"; };
		DB95E4891EF478CB007CD9FB /* Image+CoreDataClass.swift */ = {isa = PBXFileReference; fileEncoding = 4; lastKnownFileType = sourcecode.swift; path = "Image+CoreDataClass.swift"; sourceTree = "<group>"; };
		DB95E48A1EF478CB007CD9FB /* Image+CoreDataProperties.swift */ = {isa = PBXFileReference; fileEncoding = 4; lastKnownFileType = sourcecode.swift; path = "Image+CoreDataProperties.swift"; sourceTree = "<group>"; };
		DB95E4981EF48449007CD9FB /* MaterialView.swift */ = {isa = PBXFileReference; fileEncoding = 4; lastKnownFileType = sourcecode.swift; path = MaterialView.swift; sourceTree = "<group>"; };
		DB95E49A1EF5A0C5007CD9FB /* Itemcell.swift */ = {isa = PBXFileReference; fileEncoding = 4; lastKnownFileType = sourcecode.swift; path = Itemcell.swift; sourceTree = "<group>"; };
		DB95E4A11EF9AC83007CD9FB /* CustomTextField.swift */ = {isa = PBXFileReference; fileEncoding = 4; lastKnownFileType = sourcecode.swift; path = CustomTextField.swift; sourceTree = "<group>"; };
/* End PBXFileReference section */

/* Begin PBXFrameworksBuildPhase section */
		DB95E4681EF47395007CD9FB /* Frameworks */ = {
			isa = PBXFrameworksBuildPhase;
			buildActionMask = 2147483647;
			files = (
			);
			runOnlyForDeploymentPostprocessing = 0;
		};
/* End PBXFrameworksBuildPhase section */

/* Begin PBXGroup section */
		DB95E4621EF47395007CD9FB = {
			isa = PBXGroup;
			children = (
				DB95E46D1EF47395007CD9FB /* Dreamlist */,
				DB95E46C1EF47395007CD9FB /* Products */,
			);
			sourceTree = "<group>";
		};
		DB95E46C1EF47395007CD9FB /* Products */ = {
			isa = PBXGroup;
			children = (
				DB95E46B1EF47395007CD9FB /* Dreamlist.app */,
			);
			name = Products;
			sourceTree = "<group>";
		};
		DB95E46D1EF47395007CD9FB /* Dreamlist */ = {
			isa = PBXGroup;
			children = (
				DB95E4971EF48433007CD9FB /* View */,
				DB95E4931EF4791D007CD9FB /* Model */,
				DB95E46E1EF47395007CD9FB /* AppDelegate.swift */,
				DB95E49C1EF9A28A007CD9FB /* Controller */,
				DB95E4721EF47396007CD9FB /* Main.storyboard */,
				DB95E4A11EF9AC83007CD9FB /* CustomTextField.swift */,
				DB95E4781EF47396007CD9FB /* Assets.xcassets */,
				DB95E47A1EF47396007CD9FB /* LaunchScreen.storyboard */,
				DB95E47D1EF47396007CD9FB /* Info.plist */,
				DB95E4751EF47396007CD9FB /* Dreamlist.xcdatamodeld */,
			);
			path = Dreamlist;
			sourceTree = "<group>";
		};
		DB95E4931EF4791D007CD9FB /* Model */ = {
			isa = PBXGroup;
			children = (
				DB95E4831EF478CB007CD9FB /* Store+CoreDataClass.swift */,
				DB95E4851EF478CB007CD9FB /* ItemType+CoreDataClass.swift */,
				DB95E4871EF478CB007CD9FB /* Item+CoreDataClass.swift */,
				DB95E4891EF478CB007CD9FB /* Image+CoreDataClass.swift */,
				DB95E4941EF4792E007CD9FB /* Generated */,
			);
			name = Model;
			sourceTree = "<group>";
		};
		DB95E4941EF4792E007CD9FB /* Generated */ = {
			isa = PBXGroup;
			children = (
				DB95E4841EF478CB007CD9FB /* Store+CoreDataProperties.swift */,
				DB95E4861EF478CB007CD9FB /* ItemType+CoreDataProperties.swift */,
				DB95E4881EF478CB007CD9FB /* Item+CoreDataProperties.swift */,
				DB95E48A1EF478CB007CD9FB /* Image+CoreDataProperties.swift */,
			);
			name = Generated;
			sourceTree = "<group>";
		};
		DB95E4971EF48433007CD9FB /* View */ = {
			isa = PBXGroup;
			children = (
				DB95E4981EF48449007CD9FB /* MaterialView.swift */,
				DB95E49A1EF5A0C5007CD9FB /* Itemcell.swift */,
			);
			name = View;
			sourceTree = "<group>";
		};
		DB95E49C1EF9A28A007CD9FB /* Controller */ = {
			isa = PBXGroup;
			children = (
				DB95E4701EF47396007CD9FB /* MainVC.swift */,
				DB1D66D71EFC438900E32D7D /* ItemDetailsVC.swift */,
			);
			name = Controller;
			sourceTree = "<group>";
		};
/* End PBXGroup section */

/* Begin PBXNativeTarget section */
		DB95E46A1EF47395007CD9FB /* Dreamlist */ = {
			isa = PBXNativeTarget;
			buildConfigurationList = DB95E4801EF47396007CD9FB /* Build configuration list for PBXNativeTarget "Dreamlist" */;
			buildPhases = (
				DB95E4671EF47395007CD9FB /* Sources */,
				DB95E4681EF47395007CD9FB /* Frameworks */,
				DB95E4691EF47395007CD9FB /* Resources */,
			);
			buildRules = (
			);
			dependencies = (
			);
			name = Dreamlist;
			productName = Dreamlist;
			productReference = DB95E46B1EF47395007CD9FB /* Dreamlist.app */;
			productType = "com.apple.product-type.application";
		};
/* End PBXNativeTarget section */

/* Begin PBXProject section */
		DB95E4631EF47395007CD9FB /* Project object */ = {
			isa = PBXProject;
			attributes = {
				LastSwiftUpdateCheck = 0830;
				LastUpgradeCheck = 0830;
				ORGANIZATIONNAME = "Loyd's Productions";
				TargetAttributes = {
					DB95E46A1EF47395007CD9FB = {
						CreatedOnToolsVersion = 8.3.2;
						DevelopmentTeam = 2A45TNDYN4;
						ProvisioningStyle = Automatic;
					};
				};
			};
			buildConfigurationList = DB95E4661EF47395007CD9FB /* Build configuration list for PBXProject "Dreamlist" */;
			compatibilityVersion = "Xcode 3.2";
			developmentRegion = English;
			hasScannedForEncodings = 0;
			knownRegions = (
				en,
				Base,
			);
			mainGroup = DB95E4621EF47395007CD9FB;
			productRefGroup = DB95E46C1EF47395007CD9FB /* Products */;
			projectDirPath = "";
			projectRoot = "";
			targets = (
				DB95E46A1EF47395007CD9FB /* Dreamlist */,
			);
		};
/* End PBXProject section */

/* Begin PBXResourcesBuildPhase section */
		DB95E4691EF47395007CD9FB /* Resources */ = {
			isa = PBXResourcesBuildPhase;
			buildActionMask = 2147483647;
			files = (
				DB95E47C1EF47396007CD9FB /* LaunchScreen.storyboard in Resources */,
				DB95E4791EF47396007CD9FB /* Assets.xcassets in Resources */,
				DB95E4741EF47396007CD9FB /* Main.storyboard in Resources */,
			);
			runOnlyForDeploymentPostprocessing = 0;
		};
/* End PBXResourcesBuildPhase section */

/* Begin PBXSourcesBuildPhase section */
		DB95E4671EF47395007CD9FB /* Sources */ = {
			isa = PBXSourcesBuildPhase;
			buildActionMask = 2147483647;
			files = (
				DB95E48D1EF478CB007CD9FB /* ItemType+CoreDataClass.swift in Sources */,
				DB95E48C1EF478CB007CD9FB /* Store+CoreDataProperties.swift in Sources */,
				DB95E4711EF47396007CD9FB /* MainVC.swift in Sources */,
				DB95E4991EF48449007CD9FB /* MaterialView.swift in Sources */,
				DB95E48B1EF478CB007CD9FB /* Store+CoreDataClass.swift in Sources */,
				DB95E46F1EF47395007CD9FB /* AppDelegate.swift in Sources */,
				DB95E48E1EF478CB007CD9FB /* ItemType+CoreDataProperties.swift in Sources */,
				DB95E4901EF478CB007CD9FB /* Item+CoreDataProperties.swift in Sources */,
				DB95E48F1EF478CB007CD9FB /* Item+CoreDataClass.swift in Sources */,
				DB95E49B1EF5A0C5007CD9FB /* Itemcell.swift in Sources */,
				DB95E4771EF47396007CD9FB /* Dreamlist.xcdatamodeld in Sources */,
				DB1D66D81EFC438900E32D7D /* ItemDetailsVC.swift in Sources */,
				DB95E4911EF478CB007CD9FB /* Image+CoreDataClass.swift in Sources */,
				DB95E4921EF478CB007CD9FB /* Image+CoreDataProperties.swift in Sources */,
				DB95E4A21EF9AC83007CD9FB /* CustomTextField.swift in Sources */,
			);
			runOnlyForDeploymentPostprocessing = 0;
		};
/* End PBXSourcesBuildPhase section */

/* Begin PBXVariantGroup section */
		DB95E4721EF47396007CD9FB /* Main.storyboard */ = {
			isa = PBXVariantGroup;
			children = (
				DB95E4731EF47396007CD9FB /* Base */,
			);
			name = Main.storyboard;
			sourceTree = "<group>";
		};
		DB95E47A1EF47396007CD9FB /* LaunchScreen.storyboard */ = {
			isa = PBXVariantGroup;
			children = (
				DB95E47B1EF47396007CD9FB /* Base */,
			);
			name = LaunchScreen.storyboard;
			sourceTree = "<group>";
		};
/* End PBXVariantGroup section */

/* Begin XCBuildConfiguration section */
		DB95E47E1EF47396007CD9FB /* Debug */ = {
			isa = XCBuildConfiguration;
			buildSettings = {
				ALWAYS_SEARCH_USER_PATHS = NO;
				CLANG_ANALYZER_NONNULL = YES;
				CLANG_ANALYZER_NUMBER_OBJECT_CONVERSION = YES_AGGRESSIVE;
				CLANG_CXX_LANGUAGE_STANDARD = "gnu++0x";
				CLANG_CXX_LIBRARY = "libc++";
				CLANG_ENABLE_MODULES = YES;
				CLANG_ENABLE_OBJC_ARC = YES;
				CLANG_WARN_BOOL_CONVERSION = YES;
				CLANG_WARN_CONSTANT_CONVERSION = YES;
				CLANG_WARN_DIRECT_OBJC_ISA_USAGE = YES_ERROR;
				CLANG_WARN_DOCUMENTATION_COMMENTS = YES;
				CLANG_WARN_EMPTY_BODY = YES;
				CLANG_WARN_ENUM_CONVERSION = YES;
				CLANG_WARN_INFINITE_RECURSION = YES;
				CLANG_WARN_INT_CONVERSION = YES;
				CLANG_WARN_OBJC_ROOT_CLASS = YES_ERROR;
				CLANG_WARN_SUSPICIOUS_MOVE = YES;
				CLANG_WARN_UNREACHABLE_CODE = YES;
				CLANG_WARN__DUPLICATE_METHOD_MATCH = YES;
				"CODE_SIGN_IDENTITY[sdk=iphoneos*]" = "iPhone Developer";
				COPY_PHASE_STRIP = NO;
				DEBUG_INFORMATION_FORMAT = dwarf;
				ENABLE_STRICT_OBJC_MSGSEND = YES;
				ENABLE_TESTABILITY = YES;
				GCC_C_LANGUAGE_STANDARD = gnu99;
				GCC_DYNAMIC_NO_PIC = NO;
				GCC_NO_COMMON_BLOCKS = YES;
				GCC_OPTIMIZATION_LEVEL = 0;
				GCC_PREPROCESSOR_DEFINITIONS = (
					"DEBUG=1",
					"$(inherited)",
				);
				GCC_WARN_64_TO_32_BIT_CONVERSION = YES;
				GCC_WARN_ABOUT_RETURN_TYPE = YES_ERROR;
				GCC_WARN_UNDECLARED_SELECTOR = YES;
				GCC_WARN_UNINITIALIZED_AUTOS = YES_AGGRESSIVE;
				GCC_WARN_UNUSED_FUNCTION = YES;
				GCC_WARN_UNUSED_VARIABLE = YES;
				IPHONEOS_DEPLOYMENT_TARGET = 10.3;
				MTL_ENABLE_DEBUG_INFO = YES;
				ONLY_ACTIVE_ARCH = YES;
				SDKROOT = iphoneos;
				SWIFT_ACTIVE_COMPILATION_CONDITIONS = DEBUG;
				SWIFT_OPTIMIZATION_LEVEL = "-Onone";
			};
			name = Debug;
		};
		DB95E47F1EF47396007CD9FB /* Release */ = {
			isa = XCBuildConfiguration;
			buildSettings = {
				ALWAYS_SEARCH_USER_PATHS = NO;
				CLANG_ANALYZER_NONNULL = YES;
				CLANG_ANALYZER_NUMBER_OBJECT_CONVERSION = YES_AGGRESSIVE;
				CLANG_CXX_LANGUAGE_STANDARD = "gnu++0x";
				CLANG_CXX_LIBRARY = "libc++";
				CLANG_ENABLE_MODULES = YES;
				CLANG_ENABLE_OBJC_ARC = YES;
				CLANG_WARN_BOOL_CONVERSION = YES;
				CLANG_WARN_CONSTANT_CONVERSION = YES;
				CLANG_WARN_DIRECT_OBJC_ISA_USAGE = YES_ERROR;
				CLANG_WARN_DOCUMENTATION_COMMENTS = YES;
				CLANG_WARN_EMPTY_BODY = YES;
				CLANG_WARN_ENUM_CONVERSION = YES;
				CLANG_WARN_INFINITE_RECURSION = YES;
				CLANG_WARN_INT_CONVERSION = YES;
				CLANG_WARN_OBJC_ROOT_CLASS = YES_ERROR;
				CLANG_WARN_SUSPICIOUS_MOVE = YES;
				CLANG_WARN_UNREACHABLE_CODE = YES;
				CLANG_WARN__DUPLICATE_METHOD_MATCH = YES;
				"CODE_SIGN_IDENTITY[sdk=iphoneos*]" = "iPhone Developer";
				COPY_PHASE_STRIP = NO;
				DEBUG_INFORMATION_FORMAT = "dwarf-with-dsym";
				ENABLE_NS_ASSERTIONS = NO;
				ENABLE_STRICT_OBJC_MSGSEND = YES;
				GCC_C_LANGUAGE_STANDARD = gnu99;
				GCC_NO_COMMON_BLOCKS = YES;
				GCC_WARN_64_TO_32_BIT_CONVERSION = YES;
				GCC_WARN_ABOUT_RETURN_TYPE = YES_ERROR;
				GCC_WARN_UNDECLARED_SELECTOR = YES;
				GCC_WARN_UNINITIALIZED_AUTOS = YES_AGGRESSIVE;
				GCC_WARN_UNUSED_FUNCTION = YES;
				GCC_WARN_UNUSED_VARIABLE = YES;
				IPHONEOS_DEPLOYMENT_TARGET = 10.3;
				MTL_ENABLE_DEBUG_INFO = NO;
				SDKROOT = iphoneos;
				SWIFT_OPTIMIZATION_LEVEL = "-Owholemodule";
				VALIDATE_PRODUCT = YES;
			};
			name = Release;
		};
		DB95E4811EF47396007CD9FB /* Debug */ = {
			isa = XCBuildConfiguration;
			buildSettings = {
				ASSETCATALOG_COMPILER_APPICON_NAME = AppIcon;
				DEVELOPMENT_TEAM = 2A45TNDYN4;
				INFOPLIST_FILE = Dreamlist/Info.plist;
				LD_RUNPATH_SEARCH_PATHS = "$(inherited) @executable_path/Frameworks";
				PRODUCT_BUNDLE_IDENTIFIER = Loyd.Dreamlist;
				PRODUCT_NAME = "$(TARGET_NAME)";
				SWIFT_VERSION = 3.0;
			};
			name = Debug;
		};
		DB95E4821EF47396007CD9FB /* Release */ = {
			isa = XCBuildConfiguration;
			buildSettings = {
				ASSETCATALOG_COMPILER_APPICON_NAME = AppIcon;
				DEVELOPMENT_TEAM = 2A45TNDYN4;
				INFOPLIST_FILE = Dreamlist/Info.plist;
				LD_RUNPATH_SEARCH_PATHS = "$(inherited) @executable_path/Frameworks";
				PRODUCT_BUNDLE_IDENTIFIER = Loyd.Dreamlist;
				PRODUCT_NAME = "$(TARGET_NAME)";
				SWIFT_VERSION = 3.0;
			};
			name = Release;
		};
/* End XCBuildConfiguration section */

/* Begin XCConfigurationList section */
		DB95E4661EF47395007CD9FB /* Build configuration list for PBXProject "Dreamlist" */ = {
			isa = XCConfigurationList;
			buildConfigurations = (
				DB95E47E1EF47396007CD9FB /* Debug */,
				DB95E47F1EF47396007CD9FB /* Release */,
			);
			defaultConfigurationIsVisible = 0;
			defaultConfigurationName = Release;
		};
		DB95E4801EF47396007CD9FB /* Build configuration list for PBXNativeTarget "Dreamlist" */ = {
			isa = XCConfigurationList;
			buildConfigurations = (
				DB95E4811EF47396007CD9FB /* Debug */,
				DB95E4821EF47396007CD9FB /* Release */,
			);
			defaultConfigurationIsVisible = 0;
			defaultConfigurationName = Release;
		};
/* End XCConfigurationList section */

/* Begin XCVersionGroup section */
		DB95E4751EF47396007CD9FB /* Dreamlist.xcdatamodeld */ = {
			isa = XCVersionGroup;
			children = (
				DB95E4761EF47396007CD9FB /* Dreamlist.xcdatamodel */,
			);
			currentVersion = DB95E4761EF47396007CD9FB /* Dreamlist.xcdatamodel */;
			path = Dreamlist.xcdatamodeld;
			sourceTree = "<group>";
			versionGroupType = wrapper.xcdatamodel;
		};
/* End XCVersionGroup section */
	};
	rootObject = DB95E4631EF47395007CD9FB /* Project object */;
}
